
Microsoft Visual Studio Solution File, Format Version 12.00
# Visual Studio Version 16
VisualStudioVersion = 16.0.31129.286
MinimumVisualStudioVersion = 10.0.40219.1
Project("{8BC9CEB8-8B4A-11D0-8D11-00A0C91BC942}") = "Super_Mercado", "Super_Mercado\Super_Mercado.vcxproj", "{CCD8D2D2-1504-42C1-ACF4-D28AA4AA2B12}"
EndProject
Global
	GlobalSection(SolutionConfigurationPlatforms) = preSolution
		Debug|x64 = Debug|x64
		Debug|x86 = Debug|x86
		Release|x64 = Release|x64
		Release|x86 = Release|x86
	EndGlobalSection
	GlobalSection(ProjectConfigurationPlatforms) = postSolution
		{CCD8D2D2-1504-42C1-ACF4-D28AA4AA2B12}.Debug|x64.ActiveCfg = Debug|x64
		{CCD8D2D2-1504-42C1-ACF4-D28AA4AA2B12}.Debug|x64.Build.0 = Debug|x64
		{CCD8D2D2-1504-42C1-ACF4-D28AA4AA2B12}.Debug|x86.ActiveCfg = Release|x64
		{CCD8D2D2-1504-42C1-ACF4-D28AA4AA2B12}.Debug|x86.Build.0 = Release|x64
		{CCD8D2D2-1504-42C1-ACF4-D28AA4AA2B12}.Release|x64.ActiveCfg = Release|x64
		{CCD8D2D2-1504-42C1-ACF4-D28AA4AA2B12}.Release|x64.Build.0 = Release|x64
		{CCD8D2D2-1504-42C1-ACF4-D28AA4AA2B12}.Release|x86.ActiveCfg = Release|Win32
		{CCD8D2D2-1504-42C1-ACF4-D28AA4AA2B12}.Release|x86.Build.0 = Release|Win32
	EndGlobalSection
	GlobalSection(SolutionProperties) = preSolution
		HideSolutionNode = FALSE
	EndGlobalSection
	GlobalSection(ExtensibilityGlobals) = postSolution
		SolutionGuid = {42B71A28-FF40-4F40-9F1E-05E406D825F1}
	EndGlobalSection
EndGlobal
